// !$*UTF8*$!
{
	archiveVersion = 1;
	classes = {
	};
	objectVersion = 77;
	objects = {

/* Begin PBXBuildFile section */
		6CD9D6922ED8839E00CD9F58 /* Assets.xcassets in Resources */ = {isa = PBXBuildFile; fileRef = 6CD9D68F2ED8839E00CD9F58 /* Assets.xcassets */; };
		6CD9D6962ED8839E00CD9F58 /* MuyasirApp.swift in Sources */ = {isa = PBXBuildFile; fileRef = 6CD9D6912ED8839E00CD9F58 /* MuyasirApp.swift */; };
/* End PBXBuildFile section */

/* Begin PBXContainerItemProxy section */
		BF95D0B32ECDEF1D0009F43A /* PBXContainerItemProxy */ = {
			isa = PBXContainerItemProxy;
			containerPortal = BF95D09D2ECDEF1C0009F43A /* Project object */;
			proxyType = 1;
			remoteGlobalIDString = BF95D0A42ECDEF1C0009F43A;
			remoteInfo = Team12;
		};
		BF95D0BD2ECDEF1D0009F43A /* PBXContainerItemProxy */ = {
			isa = PBXContainerItemProxy;
			containerPortal = BF95D09D2ECDEF1C0009F43A /* Project object */;
			proxyType = 1;
			remoteGlobalIDString = BF95D0A42ECDEF1C0009F43A;
			remoteInfo = Team12;
		};
/* End PBXContainerItemProxy section */

/* Begin PBXFileReference section */
		6CD9D68F2ED8839E00CD9F58 /* Assets.xcassets */ = {isa = PBXFileReference; lastKnownFileType = folder.assetcatalog; path = Assets.xcassets; sourceTree = "<group>"; };
		6CD9D6912ED8839E00CD9F58 /* MuyasirApp.swift */ = {isa = PBXFileReference; lastKnownFileType = sourcecode.swift; path = MuyasirApp.swift; sourceTree = "<group>"; };
		BF95D0A52ECDEF1C0009F43A /* Muyasir.app */ = {isa = PBXFileReference; explicitFileType = wrapper.application; includeInIndex = 0; path = Muyasir.app; sourceTree = BUILT_PRODUCTS_DIR; };
		BF95D0B22ECDEF1D0009F43A /* Team12Tests.xctest */ = {isa = PBXFileReference; explicitFileType = wrapper.cfbundle; includeInIndex = 0; path = Team12Tests.xctest; sourceTree = BUILT_PRODUCTS_DIR; };
		BF95D0BC2ECDEF1D0009F43A /* Team12UITests.xctest */ = {isa = PBXFileReference; explicitFileType = wrapper.cfbundle; includeInIndex = 0; path = Team12UITests.xctest; sourceTree = BUILT_PRODUCTS_DIR; };
/* End PBXFileReference section */

/* Begin PBXFileSystemSynchronizedBuildFileExceptionSet section */
		6CD9D6AD2ED8B14800CD9F58 /* Exceptions for "Model" folder in "Muyasir" target */ = {
			isa = PBXFileSystemSynchronizedBuildFileExceptionSet;
			membershipExceptions = (
				HistoryStore.swift,
				InputPageViewModel.swift,
				Note.swift,
				ResultViewModel.swift,
			);
			target = BF95D0A42ECDEF1C0009F43A /* Muyasir */;
		};
		6CD9D6AE2ED8B14800CD9F58 /* Exceptions for "Model" folder in "Team12UITests" target */ = {
			isa = PBXFileSystemSynchronizedBuildFileExceptionSet;
			membershipExceptions = (
				HistoryStore.swift,
				InputPageViewModel.swift,
				Note.swift,
				ResultViewModel.swift,
			);
			target = BF95D0BB2ECDEF1D0009F43A /* Team12UITests */;
		};
/* End PBXFileSystemSynchronizedBuildFileExceptionSet section */

/* Begin PBXFileSystemSynchronizedRootGroup section */
		6CD9D6AC2ED8B13C00CD9F58 /* Model */ = {
			isa = PBXFileSystemSynchronizedRootGroup;
			exceptions = (
				6CD9D6AD2ED8B14800CD9F58 /* Exceptions for "Model" folder in "Muyasir" target */,
				6CD9D6AE2ED8B14800CD9F58 /* Exceptions for "Model" folder in "Team12UITests" target */,
			);
			path = Model;
			sourceTree = "<group>";
		};
		93D8754B2EDF0B6B009623E9 /* ViewModel */ = {
			isa = PBXFileSystemSynchronizedRootGroup;
			path = ViewModel;
			sourceTree = "<group>";
		};
		BF95D0A72ECDEF1C0009F43A /* View */ = {
			isa = PBXFileSystemSynchronizedRootGroup;
			path = View;
			sourceTree = "<group>";
		};
		BF95D0B52ECDEF1D0009F43A /* Team12Tests */ = {
			isa = PBXFileSystemSynchronizedRootGroup;
			path = Team12Tests;
			sourceTree = "<group>";
		};
		BF95D0BF2ECDEF1D0009F43A /* Team12UITests */ = {
			isa = PBXFileSystemSynchronizedRootGroup;
			path = Team12UITests;
			sourceTree = "<group>";
		};
/* End PBXFileSystemSynchronizedRootGroup section */

/* Begin PBXFrameworksBuildPhase section */
		BF95D0A22ECDEF1C0009F43A /* Frameworks */ = {
			isa = PBXFrameworksBuildPhase;
			buildActionMask = 2147483647;
			files = (
			);
			runOnlyForDeploymentPostprocessing = 0;
		};
		BF95D0AF2ECDEF1D0009F43A /* Frameworks */ = {
			isa = PBXFrameworksBuildPhase;
			buildActionMask = 2147483647;
			files = (
			);
			runOnlyForDeploymentPostprocessing = 0;
		};
		BF95D0B92ECDEF1D0009F43A /* Frameworks */ = {
			isa = PBXFrameworksBuildPhase;
			buildActionMask = 2147483647;
			files = (
			);
			runOnlyForDeploymentPostprocessing = 0;
		};
/* End PBXFrameworksBuildPhase section */

/* Begin PBXGroup section */
		BF95D09C2ECDEF1C0009F43A = {
			isa = PBXGroup;
			children = (
				6CD9D6912ED8839E00CD9F58 /* MuyasirApp.swift */,
				6CD9D68F2ED8839E00CD9F58 /* Assets.xcassets */,
				93D8754B2EDF0B6B009623E9 /* ViewModel */,
				6CD9D6AC2ED8B13C00CD9F58 /* Model */,
				BF95D0A72ECDEF1C0009F43A /* View */,
				BF95D0B52ECDEF1D0009F43A /* Team12Tests */,
				BF95D0BF2ECDEF1D0009F43A /* Team12UITests */,
				BF95D0A62ECDEF1C0009F43A /* asail */,
			);
			sourceTree = "<group>";
		};
		BF95D0A62ECDEF1C0009F43A /* asail */ = {
			isa = PBXGroup;
			children = (
				BF95D0A52ECDEF1C0009F43A /* Muyasir.app */,
				BF95D0B22ECDEF1D0009F43A /* Team12Tests.xctest */,
				BF95D0BC2ECDEF1D0009F43A /* Team12UITests.xctest */,
			);
			name = asail;
			sourceTree = "<group>";
		};
/* End PBXGroup section */

/* Begin PBXNativeTarget section */
		BF95D0A42ECDEF1C0009F43A /* Muyasir */ = {
			isa = PBXNativeTarget;
			buildConfigurationList = BF95D0C62ECDEF1D0009F43A /* Build configuration list for PBXNativeTarget "Muyasir" */;
			buildPhases = (
				BF95D0A12ECDEF1C0009F43A /* Sources */,
				BF95D0A22ECDEF1C0009F43A /* Frameworks */,
				BF95D0A32ECDEF1C0009F43A /* Resources */,
			);
			buildRules = (
			);
			dependencies = (
			);
			fileSystemSynchronizedGroups = (
				93D8754B2EDF0B6B009623E9 /* ViewModel */,
				BF95D0A72ECDEF1C0009F43A /* View */,
			);
			name = Muyasir;
			packageProductDependencies = (
			);
			productName = Team12;
			productReference = BF95D0A52ECDEF1C0009F43A /* Muyasir.app */;
			productType = "com.apple.product-type.application";
		};
		BF95D0B12ECDEF1D0009F43A /* Team12Tests */ = {
			isa = PBXNativeTarget;
			buildConfigurationList = BF95D0C92ECDEF1D0009F43A /* Build configuration list for PBXNativeTarget "Team12Tests" */;
			buildPhases = (
				BF95D0AE2ECDEF1D0009F43A /* Sources */,
				BF95D0AF2ECDEF1D0009F43A /* Frameworks */,
				BF95D0B02ECDEF1D0009F43A /* Resources */,
			);
			buildRules = (
			);
			dependencies = (
				BF95D0B42ECDEF1D0009F43A /* PBXTargetDependency */,
			);
			fileSystemSynchronizedGroups = (
				BF95D0B52ECDEF1D0009F43A /* Team12Tests */,
			);
			name = Team12Tests;
			packageProductDependencies = (
			);
			productName = Team12Tests;
			productReference = BF95D0B22ECDEF1D0009F43A /* Team12Tests.xctest */;
			productType = "com.apple.product-type.bundle.unit-test";
		};
		BF95D0BB2ECDEF1D0009F43A /* Team12UITests */ = {
			isa = PBXNativeTarget;
			buildConfigurationList = BF95D0CC2ECDEF1D0009F43A /* Build configuration list for PBXNativeTarget "Team12UITests" */;
			buildPhases = (
				BF95D0B82ECDEF1D0009F43A /* Sources */,
				BF95D0B92ECDEF1D0009F43A /* Frameworks */,
				BF95D0BA2ECDEF1D0009F43A /* Resources */,
			);
			buildRules = (
			);
			dependencies = (
				BF95D0BE2ECDEF1D0009F43A /* PBXTargetDependency */,
			);
			fileSystemSynchronizedGroups = (
				6CD9D6AC2ED8B13C00CD9F58 /* Model */,
				BF95D0BF2ECDEF1D0009F43A /* Team12UITests */,
			);
			name = Team12UITests;
			packageProductDependencies = (
			);
			productName = Team12UITests;
			productReference = BF95D0BC2ECDEF1D0009F43A /* Team12UITests.xctest */;
			productType = "com.apple.product-type.bundle.ui-testing";
		};
/* End PBXNativeTarget section */

/* Begin PBXProject section */
		BF95D09D2ECDEF1C0009F43A /* Project object */ = {
			isa = PBXProject;
			attributes = {
				BuildIndependentTargetsInParallel = 1;
				LastSwiftUpdateCheck = 2600;
				LastUpgradeCheck = 2600;
				TargetAttributes = {
					BF95D0A42ECDEF1C0009F43A = {
						CreatedOnToolsVersion = 26.0.1;
					};
					BF95D0B12ECDEF1D0009F43A = {
						CreatedOnToolsVersion = 26.0.1;
						TestTargetID = BF95D0A42ECDEF1C0009F43A;
					};
					BF95D0BB2ECDEF1D0009F43A = {
						CreatedOnToolsVersion = 26.0.1;
						TestTargetID = BF95D0A42ECDEF1C0009F43A;
					};
				};
			};
			buildConfigurationList = BF95D0A02ECDEF1C0009F43A /* Build configuration list for PBXProject "Muyasir" */;
			developmentRegion = en;
			hasScannedForEncodings = 0;
			knownRegions = (
				en,
				Base,
			);
			mainGroup = BF95D09C2ECDEF1C0009F43A;
			minimizedProjectReferenceProxies = 1;
			preferredProjectObjectVersion = 77;
			productRefGroup = BF95D0A62ECDEF1C0009F43A /* asail */;
			projectDirPath = "";
			projectRoot = "";
			targets = (
				BF95D0A42ECDEF1C0009F43A /* Muyasir */,
				BF95D0B12ECDEF1D0009F43A /* Team12Tests */,
				BF95D0BB2ECDEF1D0009F43A /* Team12UITests */,
			);
		};
/* End PBXProject section */

/* Begin PBXResourcesBuildPhase section */
		BF95D0A32ECDEF1C0009F43A /* Resources */ = {
			isa = PBXResourcesBuildPhase;
			buildActionMask = 2147483647;
			files = (
				6CD9D6922ED8839E00CD9F58 /* Assets.xcassets in Resources */,
			);
			runOnlyForDeploymentPostprocessing = 0;
		};
		BF95D0B02ECDEF1D0009F43A /* Resources */ = {
			isa = PBXResourcesBuildPhase;
			buildActionMask = 2147483647;
			files = (
			);
			runOnlyForDeploymentPostprocessing = 0;
		};
		BF95D0BA2ECDEF1D0009F43A /* Resources */ = {
			isa = PBXResourcesBuildPhase;
			buildActionMask = 2147483647;
			files = (
			);
			runOnlyForDeploymentPostprocessing = 0;
		};
/* End PBXResourcesBuildPhase section */

/* Begin PBXSourcesBuildPhase section */
		BF95D0A12ECDEF1C0009F43A /* Sources */ = {
			isa = PBXSourcesBuildPhase;
			buildActionMask = 2147483647;
			files = (
				6CD9D6962ED8839E00CD9F58 /* MuyasirApp.swift in Sources */,
			);
			runOnlyForDeploymentPostprocessing = 0;
		};
		BF95D0AE2ECDEF1D0009F43A /* Sources */ = {
			isa = PBXSourcesBuildPhase;
			buildActionMask = 2147483647;
			files = (
			);
			runOnlyForDeploymentPostprocessing = 0;
		};
		BF95D0B82ECDEF1D0009F43A /* Sources */ = {
			isa = PBXSourcesBuildPhase;
			buildActionMask = 2147483647;
			files = (
			);
			runOnlyForDeploymentPostprocessing = 0;
		};
/* End PBXSourcesBuildPhase section */

/* Begin PBXTargetDependency section */
		BF95D0B42ECDEF1D0009F43A /* PBXTargetDependency */ = {
			isa = PBXTargetDependency;
			target = BF95D0A42ECDEF1C0009F43A /* Muyasir */;
			targetProxy = BF95D0B32ECDEF1D0009F43A /* PBXContainerItemProxy */;
		};
		BF95D0BE2ECDEF1D0009F43A /* PBXTargetDependency */ = {
			isa = PBXTargetDependency;
			target = BF95D0A42ECDEF1C0009F43A /* Muyasir */;
			targetProxy = BF95D0BD2ECDEF1D0009F43A /* PBXContainerItemProxy */;
		};
/* End PBXTargetDependency section */

/* Begin XCBuildConfiguration section */
		BF95D0C42ECDEF1D0009F43A /* Debug */ = {
			isa = XCBuildConfiguration;
			buildSettings = {
				ALWAYS_SEARCH_USER_PATHS = NO;
				ASSETCATALOG_COMPILER_GENERATE_SWIFT_ASSET_SYMBOL_EXTENSIONS = YES;
				CLANG_ANALYZER_NONNULL = YES;
				CLANG_ANALYZER_NUMBER_OBJECT_CONVERSION = YES_AGGRESSIVE;
				CLANG_CXX_LANGUAGE_STANDARD = "gnu++20";
				CLANG_ENABLE_MODULES = YES;
				CLANG_ENABLE_OBJC_ARC = YES;
				CLANG_ENABLE_OBJC_WEAK = YES;
				CLANG_WARN_BLOCK_CAPTURE_AUTORELEASING = YES;
				CLANG_WARN_BOOL_CONVERSION = YES;
				CLANG_WARN_COMMA = YES;
				CLANG_WARN_CONSTANT_CONVERSION = YES;
				CLANG_WARN_DEPRECATED_OBJC_IMPLEMENTATIONS = YES;
				CLANG_WARN_DIRECT_OBJC_ISA_USAGE = YES_ERROR;
				CLANG_WARN_DOCUMENTATION_COMMENTS = YES;
				CLANG_WARN_EMPTY_BODY = YES;
				CLANG_WARN_ENUM_CONVERSION = YES;
				CLANG_WARN_INFINITE_RECURSION = YES;
				CLANG_WARN_INT_CONVERSION = YES;
				CLANG_WARN_NON_LITERAL_NULL_CONVERSION = YES;
				CLANG_WARN_OBJC_IMPLICIT_RETAIN_SELF = YES;
				CLANG_WARN_OBJC_LITERAL_CONVERSION = YES;
				CLANG_WARN_OBJC_ROOT_CLASS = YES_ERROR;
				CLANG_WARN_QUOTED_INCLUDE_IN_FRAMEWORK_HEADER = YES;
				CLANG_WARN_RANGE_LOOP_ANALYSIS = YES;
				CLANG_WARN_STRICT_PROTOTYPES = YES;
				CLANG_WARN_SUSPICIOUS_MOVE = YES;
				CLANG_WARN_UNGUARDED_AVAILABILITY = YES_AGGRESSIVE;
				CLANG_WARN_UNREACHABLE_CODE = YES;
				CLANG_WARN__DUPLICATE_METHOD_MATCH = YES;
				COPY_PHASE_STRIP = NO;
				DEBUG_INFORMATION_FORMAT = dwarf;
				DEVELOPMENT_TEAM = GSU9AG3547;
				ENABLE_STRICT_OBJC_MSGSEND = YES;
				ENABLE_TESTABILITY = YES;
				ENABLE_USER_SCRIPT_SANDBOXING = YES;
				GCC_C_LANGUAGE_STANDARD = gnu17;
				GCC_DYNAMIC_NO_PIC = NO;
				GCC_NO_COMMON_BLOCKS = YES;
				GCC_OPTIMIZATION_LEVEL = 0;
				GCC_PREPROCESSOR_DEFINITIONS = (
					"DEBUG=1",
					"$(inherited)",
				);
				GCC_WARN_64_TO_32_BIT_CONVERSION = YES;
				GCC_WARN_ABOUT_RETURN_TYPE = YES_ERROR;
				GCC_WARN_UNDECLARED_SELECTOR = YES;
				GCC_WARN_UNINITIALIZED_AUTOS = YES_AGGRESSIVE;
				GCC_WARN_UNUSED_FUNCTION = YES;
				GCC_WARN_UNUSED_VARIABLE = YES;
				IPHONEOS_DEPLOYMENT_TARGET = 26.0;
				LOCALIZATION_PREFERS_STRING_CATALOGS = YES;
				MTL_ENABLE_DEBUG_INFO = INCLUDE_SOURCE;
				MTL_FAST_MATH = YES;
				ONLY_ACTIVE_ARCH = YES;
				SDKROOT = iphoneos;
				SWIFT_ACTIVE_COMPILATION_CONDITIONS = "DEBUG $(inherited)";
				SWIFT_OPTIMIZATION_LEVEL = "-Onone";
			};
			name = Debug;
		};
		BF95D0C52ECDEF1D0009F43A /* Release */ = {
			isa = XCBuildConfiguration;
			buildSettings = {
				ALWAYS_SEARCH_USER_PATHS = NO;
				ASSETCATALOG_COMPILER_GENERATE_SWIFT_ASSET_SYMBOL_EXTENSIONS = YES;
				CLANG_ANALYZER_NONNULL = YES;
				CLANG_ANALYZER_NUMBER_OBJECT_CONVERSION = YES_AGGRESSIVE;
				CLANG_CXX_LANGUAGE_STANDARD = "gnu++20";
				CLANG_ENABLE_MODULES = YES;
				CLANG_ENABLE_OBJC_ARC = YES;
				CLANG_ENABLE_OBJC_WEAK = YES;
				CLANG_WARN_BLOCK_CAPTURE_AUTORELEASING = YES;
				CLANG_WARN_BOOL_CONVERSION = YES;
				CLANG_WARN_COMMA = YES;
				CLANG_WARN_CONSTANT_CONVERSION = YES;
				CLANG_WARN_DEPRECATED_OBJC_IMPLEMENTATIONS = YES;
				CLANG_WARN_DIRECT_OBJC_ISA_USAGE = YES_ERROR;
				CLANG_WARN_DOCUMENTATION_COMMENTS = YES;
				CLANG_WARN_EMPTY_BODY = YES;
				CLANG_WARN_ENUM_CONVERSION = YES;
				CLANG_WARN_INFINITE_RECURSION = YES;
				CLANG_WARN_INT_CONVERSION = YES;
				CLANG_WARN_NON_LITERAL_NULL_CONVERSION = YES;
				CLANG_WARN_OBJC_IMPLICIT_RETAIN_SELF = YES;
				CLANG_WARN_OBJC_LITERAL_CONVERSION = YES;
				CLANG_WARN_OBJC_ROOT_CLASS = YES_ERROR;
				CLANG_WARN_QUOTED_INCLUDE_IN_FRAMEWORK_HEADER = YES;
				CLANG_WARN_RANGE_LOOP_ANALYSIS = YES;
				CLANG_WARN_STRICT_PROTOTYPES = YES;
				CLANG_WARN_SUSPICIOUS_MOVE = YES;
				CLANG_WARN_UNGUARDED_AVAILABILITY = YES_AGGRESSIVE;
				CLANG_WARN_UNREACHABLE_CODE = YES;
				CLANG_WARN__DUPLICATE_METHOD_MATCH = YES;
				COPY_PHASE_STRIP = NO;
				DEBUG_INFORMATION_FORMAT = "dwarf-with-dsym";
				DEVELOPMENT_TEAM = GSU9AG3547;
				ENABLE_NS_ASSERTIONS = NO;
				ENABLE_STRICT_OBJC_MSGSEND = YES;
				ENABLE_USER_SCRIPT_SANDBOXING = YES;
				GCC_C_LANGUAGE_STANDARD = gnu17;
				GCC_NO_COMMON_BLOCKS = YES;
				GCC_WARN_64_TO_32_BIT_CONVERSION = YES;
				GCC_WARN_ABOUT_RETURN_TYPE = YES_ERROR;
				GCC_WARN_UNDECLARED_SELECTOR = YES;
				GCC_WARN_UNINITIALIZED_AUTOS = YES_AGGRESSIVE;
				GCC_WARN_UNUSED_FUNCTION = YES;
				GCC_WARN_UNUSED_VARIABLE = YES;
				IPHONEOS_DEPLOYMENT_TARGET = 26.0;
				LOCALIZATION_PREFERS_STRING_CATALOGS = YES;
				MTL_ENABLE_DEBUG_INFO = NO;
				MTL_FAST_MATH = YES;
				SDKROOT = iphoneos;
				SWIFT_COMPILATION_MODE = wholemodule;
				VALIDATE_PRODUCT = YES;
			};
			name = Release;
		};
		BF95D0C72ECDEF1D0009F43A /* Debug */ = {
			isa = XCBuildConfiguration;
			buildSettings = {
				ASSETCATALOG_COMPILER_APPICON_NAME = AppIcon;
				ASSETCATALOG_COMPILER_GLOBAL_ACCENT_COLOR_NAME = AccentColor;
				CODE_SIGN_STYLE = Automatic;
				CURRENT_PROJECT_VERSION = 1;
				DEVELOPMENT_TEAM = 2GHTD7A3A9;
				ENABLE_PREVIEWS = YES;
				GENERATE_INFOPLIST_FILE = YES;
				INFOPLIST_KEY_UIApplicationSceneManifest_Generation = YES;
				INFOPLIST_KEY_UIApplicationSupportsIndirectInputEvents = YES;
				INFOPLIST_KEY_UILaunchScreen_Generation = YES;
				INFOPLIST_KEY_UISupportedInterfaceOrientations_iPad = "UIInterfaceOrientationPortrait UIInterfaceOrientationPortraitUpsideDown UIInterfaceOrientationLandscapeLeft UIInterfaceOrientationLandscapeRight";
				INFOPLIST_KEY_UISupportedInterfaceOrientations_iPhone = "UIInterfaceOrientationPortrait UIInterfaceOrientationLandscapeLeft UIInterfaceOrientationLandscapeRight";
				LD_RUNPATH_SEARCH_PATHS = (
					"$(inherited)",
					"@executable_path/Frameworks",
				);
				MARKETING_VERSION = 1.0;
				PRODUCT_BUNDLE_IDENTIFIER = com.lena.Team12;
				PRODUCT_NAME = "$(TARGET_NAME)";
				STRING_CATALOG_GENERATE_SYMBOLS = YES;
				SWIFT_APPROACHABLE_CONCURRENCY = YES;
				SWIFT_DEFAULT_ACTOR_ISOLATION = MainActor;
				SWIFT_EMIT_LOC_STRINGS = YES;
				SWIFT_UPCOMING_FEATURE_MEMBER_IMPORT_VISIBILITY = YES;
				SWIFT_VERSION = 5.0;
				TARGETED_DEVICE_FAMILY = "1,2";
			};
			name = Debug;
		};
		BF95D0C82ECDEF1D0009F43A /* Release */ = {
			isa = XCBuildConfiguration;
			buildSettings = {
				ASSETCATALOG_COMPILER_APPICON_NAME = AppIcon;
				ASSETCATALOG_COMPILER_GLOBAL_ACCENT_COLOR_NAME = AccentColor;
				CODE_SIGN_STYLE = Automatic;
				CURRENT_PROJECT_VERSION = 1;
				DEVELOPMENT_TEAM = 2GHTD7A3A9;
				ENABLE_PREVIEWS = YES;
				GENERATE_INFOPLIST_FILE = YES;
				INFOPLIST_KEY_UIApplicationSceneManifest_Generation = YES;
				INFOPLIST_KEY_UIApplicationSupportsIndirectInputEvents = YES;
				INFOPLIST_KEY_UILaunchScreen_Generation = YES;
				INFOPLIST_KEY_UISupportedInterfaceOrientations_iPad = "UIInterfaceOrientationPortrait UIInterfaceOrientationPortraitUpsideDown UIInterfaceOrientationLandscapeLeft UIInterfaceOrientationLandscapeRight";
				INFOPLIST_KEY_UISupportedInterfaceOrientations_iPhone = "UIInterfaceOrientationPortrait UIInterfaceOrientationLandscapeLeft UIInterfaceOrientationLandscapeRight";
				LD_RUNPATH_SEARCH_PATHS = (
					"$(inherited)",
					"@executable_path/Frameworks",
				);
				MARKETING_VERSION = 1.0;
				PRODUCT_BUNDLE_IDENTIFIER = com.lena.Team12;
				PRODUCT_NAME = "$(TARGET_NAME)";
				STRING_CATALOG_GENERATE_SYMBOLS = YES;
				SWIFT_APPROACHABLE_CONCURRENCY = YES;
				SWIFT_DEFAULT_ACTOR_ISOLATION = MainActor;
				SWIFT_EMIT_LOC_STRINGS = YES;
				SWIFT_UPCOMING_FEATURE_MEMBER_IMPORT_VISIBILITY = YES;
				SWIFT_VERSION = 5.0;
				TARGETED_DEVICE_FAMILY = "1,2";
			};
			name = Release;
		};
		BF95D0CA2ECDEF1D0009F43A /* Debug */ = {
			isa = XCBuildConfiguration;
			buildSettings = {
				BUNDLE_LOADER = "$(TEST_HOST)";
				CODE_SIGN_STYLE = Automatic;
				CURRENT_PROJECT_VERSION = 1;
				DEVELOPMENT_TEAM = GSU9AG3547;
				GENERATE_INFOPLIST_FILE = YES;
				IPHONEOS_DEPLOYMENT_TARGET = 26.0;
				MARKETING_VERSION = 1.0;
				PRODUCT_BUNDLE_IDENTIFIER = com.lena.Team12Tests;
				PRODUCT_NAME = "$(TARGET_NAME)";
				STRING_CATALOG_GENERATE_SYMBOLS = NO;
				SWIFT_APPROACHABLE_CONCURRENCY = YES;
				SWIFT_EMIT_LOC_STRINGS = NO;
				SWIFT_UPCOMING_FEATURE_MEMBER_IMPORT_VISIBILITY = YES;
				SWIFT_VERSION = 5.0;
				TARGETED_DEVICE_FAMILY = "1,2";
				TEST_HOST = "$(BUILT_PRODUCTS_DIR)/Team12.app/$(BUNDLE_EXECUTABLE_FOLDER_PATH)/Team12";
			};
			name = Debug;
		};
		BF95D0CB2ECDEF1D0009F43A /* Release */ = {
			isa = XCBuildConfiguration;
			buildSettings = {
				BUNDLE_LOADER = "$(TEST_HOST)";
				CODE_SIGN_STYLE = Automatic;
				CURRENT_PROJECT_VERSION = 1;
				DEVELOPMENT_TEAM = GSU9AG3547;
				GENERATE_INFOPLIST_FILE = YES;
				IPHONEOS_DEPLOYMENT_TARGET = 26.0;
				MARKETING_VERSION = 1.0;
				PRODUCT_BUNDLE_IDENTIFIER = com.lena.Team12Tests;
				PRODUCT_NAME = "$(TARGET_NAME)";
				STRING_CATALOG_GENERATE_SYMBOLS = NO;
				SWIFT_APPROACHABLE_CONCURRENCY = YES;
				SWIFT_EMIT_LOC_STRINGS = NO;
				SWIFT_UPCOMING_FEATURE_MEMBER_IMPORT_VISIBILITY = YES;
				SWIFT_VERSION = 5.0;
				TARGETED_DEVICE_FAMILY = "1,2";
				TEST_HOST = "$(BUILT_PRODUCTS_DIR)/Team12.app/$(BUNDLE_EXECUTABLE_FOLDER_PATH)/Team12";
			};
			name = Release;
		};
		BF95D0CD2ECDEF1D0009F43A /* Debug */ = {
			isa = XCBuildConfiguration;
			buildSettings = {
				CODE_SIGN_STYLE = Automatic;
				CURRENT_PROJECT_VERSION = 1;
				DEVELOPMENT_TEAM = GSU9AG3547;
				GENERATE_INFOPLIST_FILE = YES;
				MARKETING_VERSION = 1.0;
				PRODUCT_BUNDLE_IDENTIFIER = com.lena.Team12UITests;
				PRODUCT_NAME = "$(TARGET_NAME)";
				STRING_CATALOG_GENERATE_SYMBOLS = NO;
				SWIFT_APPROACHABLE_CONCURRENCY = YES;
				SWIFT_EMIT_LOC_STRINGS = NO;
				SWIFT_UPCOMING_FEATURE_MEMBER_IMPORT_VISIBILITY = YES;
				SWIFT_VERSION = 5.0;
				TARGETED_DEVICE_FAMILY = "1,2";
				TEST_TARGET_NAME = Team12;
			};
			name = Debug;
		};
		BF95D0CE2ECDEF1D0009F43A /* Release */ = {
			isa = XCBuildConfiguration;
			buildSettings = {
				CODE_SIGN_STYLE = Automatic;
				CURRENT_PROJECT_VERSION = 1;
				DEVELOPMENT_TEAM = GSU9AG3547;
				GENERATE_INFOPLIST_FILE = YES;
				MARKETING_VERSION = 1.0;
				PRODUCT_BUNDLE_IDENTIFIER = com.lena.Team12UITests;
				PRODUCT_NAME = "$(TARGET_NAME)";
				STRING_CATALOG_GENERATE_SYMBOLS = NO;
				SWIFT_APPROACHABLE_CONCURRENCY = YES;
				SWIFT_EMIT_LOC_STRINGS = NO;
				SWIFT_UPCOMING_FEATURE_MEMBER_IMPORT_VISIBILITY = YES;
				SWIFT_VERSION = 5.0;
				TARGETED_DEVICE_FAMILY = "1,2";
				TEST_TARGET_NAME = Team12;
			};
			name = Release;
		};
/* End XCBuildConfiguration section */

/* Begin XCConfigurationList section */
		BF95D0A02ECDEF1C0009F43A /* Build configuration list for PBXProject "Muyasir" */ = {
			isa = XCConfigurationList;
			buildConfigurations = (
				BF95D0C42ECDEF1D0009F43A /* Debug */,
				BF95D0C52ECDEF1D0009F43A /* Release */,
			);
			defaultConfigurationIsVisible = 0;
			defaultConfigurationName = Release;
		};
		BF95D0C62ECDEF1D0009F43A /* Build configuration list for PBXNativeTarget "Muyasir" */ = {
			isa = XCConfigurationList;
			buildConfigurations = (
				BF95D0C72ECDEF1D0009F43A /* Debug */,
				BF95D0C82ECDEF1D0009F43A /* Release */,
			);
			defaultConfigurationIsVisible = 0;
			defaultConfigurationName = Release;
		};
		BF95D0C92ECDEF1D0009F43A /* Build configuration list for PBXNativeTarget "Team12Tests" */ = {
			isa = XCConfigurationList;
			buildConfigurations = (
				BF95D0CA2ECDEF1D0009F43A /* Debug */,
				BF95D0CB2ECDEF1D0009F43A /* Release */,
			);
			defaultConfigurationIsVisible = 0;
			defaultConfigurationName = Release;
		};
		BF95D0CC2ECDEF1D0009F43A /* Build configuration list for PBXNativeTarget "Team12UITests" */ = {
			isa = XCConfigurationList;
			buildConfigurations = (
				BF95D0CD2ECDEF1D0009F43A /* Debug */,
				BF95D0CE2ECDEF1D0009F43A /* Release */,
			);
			defaultConfigurationIsVisible = 0;
			defaultConfigurationName = Release;
		};
/* End XCConfigurationList section */
	};
	rootObject = BF95D09D2ECDEF1C0009F43A /* Project object */;
}
